
Microsoft Visual Studio Solution File, Format Version 12.00
# Visual Studio 2013
VisualStudioVersion = 12.0.31101.0
MinimumVisualStudioVersion = 10.0.40219.1
Project("{FAE04EC0-301F-11D3-BF4B-00C04F79EFBC}") = "DellTddBanking2", "DellTddBanking2\DellTddBanking2.csproj", "{57D13FD0-1662-471D-95CC-BA83B9B55937}"
EndProject
Project("{FAE04EC0-301F-11D3-BF4B-00C04F79EFBC}") = "Banking.Tests", "Banking.Tests\Banking.Tests.csproj", "{EFBD8493-9C44-420C-A3A4-4ED98C1D949C}"
EndProject
Global
	GlobalSection(SolutionConfigurationPlatforms) = preSolution
		Debug|Any CPU = Debug|Any CPU
		Release|Any CPU = Release|Any CPU
	EndGlobalSection
	GlobalSection(ProjectConfigurationPlatforms) = postSolution
		{57D13FD0-1662-471D-95CC-BA83B9B55937}.Debug|Any CPU.ActiveCfg = Debug|Any CPU
		{57D13FD0-1662-471D-95CC-BA83B9B55937}.Debug|Any CPU.Build.0 = Debug|Any CPU
		{57D13FD0-1662-471D-95CC-BA83B9B55937}.Release|Any CPU.ActiveCfg = Release|Any CPU
		{57D13FD0-1662-471D-95CC-BA83B9B55937}.Release|Any CPU.Build.0 = Release|Any CPU
		{EFBD8493-9C44-420C-A3A4-4ED98C1D949C}.Debug|Any CPU.ActiveCfg = Debug|Any CPU
		{EFBD8493-9C44-420C-A3A4-4ED98C1D949C}.Debug|Any CPU.Build.0 = Debug|Any CPU
		{EFBD8493-9C44-420C-A3A4-4ED98C1D949C}.Release|Any CPU.ActiveCfg = Release|Any CPU
		{EFBD8493-9C44-420C-A3A4-4ED98C1D949C}.Release|Any CPU.Build.0 = Release|Any CPU
	EndGlobalSection
	GlobalSection(SolutionProperties) = preSolution
		HideSolutionNode = FALSE
	EndGlobalSection
EndGlobal
